
Microsoft Visual Studio Solution File, Format Version 12.00
# Visual Studio Version 17
VisualStudioVersion = 17.4.33110.190
MinimumVisualStudioVersion = 10.0.40219.1
Project("{FAE04EC0-301F-11D3-BF4B-00C04F79EFBC}") = "FullStack.API", "FullStack.API\FullStack.API.csproj", "{203EA9E7-DD52-483B-80B6-7736AD832D73}"
EndProject
Global
	GlobalSection(SolutionConfigurationPlatforms) = preSolution
		Debug|Any CPU = Debug|Any CPU
		Release|Any CPU = Release|Any CPU
	EndGlobalSection
	GlobalSection(ProjectConfigurationPlatforms) = postSolution
		{203EA9E7-DD52-483B-80B6-7736AD832D73}.Debug|Any CPU.ActiveCfg = Debug|Any CPU
		{203EA9E7-DD52-483B-80B6-7736AD832D73}.Debug|Any CPU.Build.0 = Debug|Any CPU
		{203EA9E7-DD52-483B-80B6-7736AD832D73}.Release|Any CPU.ActiveCfg = Release|Any CPU
		{203EA9E7-DD52-483B-80B6-7736AD832D73}.Release|Any CPU.Build.0 = Release|Any CPU
	EndGlobalSection
	GlobalSection(SolutionProperties) = preSolution
		HideSolutionNode = FALSE
	EndGlobalSection
	GlobalSection(ExtensibilityGlobals) = postSolution
		SolutionGuid = {072446BB-68E9-4FFC-BBD3-BAC8DD78CE88}
	EndGlobalSection
EndGlobal
