
Microsoft Visual Studio Solution File, Format Version 12.00
# Visual Studio Version 17
VisualStudioVersion = 17.4.33122.133
MinimumVisualStudioVersion = 10.0.40219.1
Project("{FAE04EC0-301F-11D3-BF4B-00C04F79EFBC}") = "TodoListApi", "TodoListApi\TodoListApi.csproj", "{8846C5E2-32D5-42AD-B638-5FF3758946AA}"
EndProject
Global
	GlobalSection(SolutionConfigurationPlatforms) = preSolution
		Debug|Any CPU = Debug|Any CPU
		Release|Any CPU = Release|Any CPU
	EndGlobalSection
	GlobalSection(ProjectConfigurationPlatforms) = postSolution
		{8846C5E2-32D5-42AD-B638-5FF3758946AA}.Debug|Any CPU.ActiveCfg = Debug|Any CPU
		{8846C5E2-32D5-42AD-B638-5FF3758946AA}.Debug|Any CPU.Build.0 = Debug|Any CPU
		{8846C5E2-32D5-42AD-B638-5FF3758946AA}.Release|Any CPU.ActiveCfg = Release|Any CPU
		{8846C5E2-32D5-42AD-B638-5FF3758946AA}.Release|Any CPU.Build.0 = Release|Any CPU
	EndGlobalSection
	GlobalSection(SolutionProperties) = preSolution
		HideSolutionNode = FALSE
	EndGlobalSection
	GlobalSection(ExtensibilityGlobals) = postSolution
		SolutionGuid = {E7AD8444-AED2-47AE-A3E6-C33CEA9BA35C}
	EndGlobalSection
EndGlobal
